<?xml version="1.0" encoding="utf-8"?>
<Project ToolsVersion="4.0" xmlns="http://schemas.microsoft.com/developer/msbuild/2003">
  <ItemGroup>
    <Filter Include="源文件">
      <UniqueIdentifier>{4FC737F1-C7A5-4376-A066-2A32D752A2FF}</UniqueIdentifier>
      <Extensions>cpp;c;cc;cxx;def;odl;idl;hpj;bat;asm;asmx</Extensions>
    </Filter>
    <Filter Include="头文件">
      <UniqueIdentifier>{93995380-89BD-4b04-88EB-625FBE52EBFB}</UniqueIdentifier>
      <Extensions>h;hh;hpp;hxx;hm;inl;inc;xsd</Extensions>
    </Filter>
    <Filter Include="资源文件">
      <UniqueIdentifier>{67DA6AB6-F800-4c08-8B7A-83BB121AAD01}</UniqueIdentifier>
      <Extensions>rc;ico;cur;bmp;dlg;rc2;rct;bin;rgs;gif;jpg;jpeg;jpe;resx;tiff;tif;png;wav;mfcribbon-ms</Extensions>
    </Filter>
    <Filter Include="lpeg">
      <UniqueIdentifier>{b11f0b98-b9de-4876-b115-6e0c0aff4ae1}</UniqueIdentifier>
    </Filter>
    <Filter Include="sproto">
      <UniqueIdentifier>{f69aa0bb-80c8-4813-a637-e5b1631f8578}</UniqueIdentifier>
    </Filter>
    <Filter Include="Classes">
      <UniqueIdentifier>{304df958-b6d8-404f-9c69-8c320b9b8e85}</UniqueIdentifier>
    </Filter>
    <Filter Include="src">
      <UniqueIdentifier>{3e532856-db26-4a94-aec0-2e8a3d32b9b9}</UniqueIdentifier>
    </Filter>
  </ItemGroup>
  <ItemGroup>
    <None Include="..\..\Classes\sproto\LICENSE">
      <Filter>sproto</Filter>
    </None>
    <None Include="..\..\Classes\sproto\Makefile">
      <Filter>sproto</Filter>
    </None>
    <None Include="..\..\Classes\sproto\print_r.lua">
      <Filter>sproto</Filter>
    </None>
    <None Include="..\..\Classes\sproto\README">
      <Filter>sproto</Filter>
    </None>
    <None Include="..\..\Classes\sproto\README.md">
      <Filter>sproto</Filter>
    </None>
    <None Include="..\..\Classes\sproto\sproto.lua">
      <Filter>sproto</Filter>
    </None>
    <None Include="..\..\Classes\sproto\sprotoparser.lua">
      <Filter>sproto</Filter>
    </None>
    <None Include="..\..\Classes\sproto\test.lua">
      <Filter>sproto</Filter>
    </None>
    <None Include="..\..\Classes\sproto\testall.lua">
      <Filter>sproto</Filter>
    </None>
    <None Include="..\..\Classes\sproto\testrpc.lua">
      <Filter>sproto</Filter>
    </None>
    <None Include="..\..\Classes\lpeg\HISTORY">
      <Filter>lpeg</Filter>
    </None>
    <None Include="..\..\Classes\lpeg\lpeg.html">
      <Filter>lpeg</Filter>
    </None>
    <None Include="..\..\Classes\lpeg\makefile">
      <Filter>lpeg</Filter>
    </None>
    <None Include="..\..\Classes\lpeg\re.html">
      <Filter>lpeg</Filter>
    </None>
    <None Include="..\..\Classes\lpeg\re.lua">
      <Filter>lpeg</Filter>
    </None>
    <None Include="..\..\Classes\lpeg\test.lua">
      <Filter>lpeg</Filter>
    </None>
  </ItemGroup>
  <ItemGroup>
    <ClCompile Include="..\..\Classes\sproto\lsproto.c">
      <Filter>sproto</Filter>
    </ClCompile>
    <ClCompile Include="..\..\Classes\sproto\sproto.c">
      <Filter>sproto</Filter>
    </ClCompile>
    <ClCompile Include="..\..\Classes\lpeg\lpcap.c">
      <Filter>lpeg</Filter>
    </ClCompile>
    <ClCompile Include="..\..\Classes\lpeg\lpcode.c">
      <Filter>lpeg</Filter>
    </ClCompile>
    <ClCompile Include="..\..\Classes\lpeg\lpprint.c">
      <Filter>lpeg</Filter>
    </ClCompile>
    <ClCompile Include="..\..\Classes\lpeg\lptree.c">
      <Filter>lpeg</Filter>
    </ClCompile>
    <ClCompile Include="..\..\Classes\lpeg\lpvm.c">
      <Filter>lpeg</Filter>
    </ClCompile>
    <ClCompile Include="..\..\Classes\src\lua_extensions.c">
      <Filter>src</Filter>
    </ClCompile>
  </ItemGroup>
  <ItemGroup>
    <ClInclude Include="..\..\Classes\sproto\lsproto.h">
      <Filter>sproto</Filter>
    </ClInclude>
    <ClInclude Include="..\..\Classes\sproto\msvcint.h">
      <Filter>sproto</Filter>
    </ClInclude>
    <ClInclude Include="..\..\Classes\sproto\sproto.h">
      <Filter>sproto</Filter>
    </ClInclude>
    <ClInclude Include="..\..\Classes\lpeg\lpcap.h">
      <Filter>lpeg</Filter>
    </ClInclude>
    <ClInclude Include="..\..\Classes\lpeg\lpcode.h">
      <Filter>lpeg</Filter>
    </ClInclude>
    <ClInclude Include="..\..\Classes\lpeg\lpprint.h">
      <Filter>lpeg</Filter>
    </ClInclude>
    <ClInclude Include="..\..\Classes\lpeg\lptree.h">
      <Filter>lpeg</Filter>
    </ClInclude>
    <ClInclude Include="..\..\Classes\lpeg\lptypes.h">
      <Filter>lpeg</Filter>
    </ClInclude>
    <ClInclude Include="..\..\Classes\lpeg\lpvm.h">
      <Filter>lpeg</Filter>
    </ClInclude>
    <ClInclude Include="..\..\Classes\src\lua_extensions.h">
      <Filter>src</Filter>
    </ClInclude>
  </ItemGroup>
  <ItemGroup>
    <Image Include="..\..\Classes\lpeg\lpeg-128.gif">
      <Filter>lpeg</Filter>
    </Image>
  </ItemGroup>
</Project>